
Microsoft Visual Studio Solution File, Format Version 12.00
# Visual Studio 14
VisualStudioVersion = 14.0.25420.1
MinimumVisualStudioVersion = 10.0.40219.1
Project("{FAE04EC0-301F-11D3-BF4B-00C04F79EFBC}") = "ExtratorDeDados", "ExtratorDeDados\ExtratorDeDados.csproj", "{A96B7F4C-FD72-4E7F-8EF3-7930D220526F}"
	ProjectSection(ProjectDependencies) = postProject
		{5C7B1E0E-43A8-4D15-994D-7F413AF05C86} = {5C7B1E0E-43A8-4D15-994D-7F413AF05C86}
		{832FB566-0950-47D0-BF82-00C3F822547E} = {832FB566-0950-47D0-BF82-00C3F822547E}
		{18F42ED2-61BC-4629-AFA2-8DF456B52EC8} = {18F42ED2-61BC-4629-AFA2-8DF456B52EC8}
	EndProjectSection
EndProject
Project("{FAE04EC0-301F-11D3-BF4B-00C04F79EFBC}") = "DataLayer", "DataLayer\DataLayer.csproj", "{B640BFD8-260F-4D70-80EC-4BB9045F8880}"
	ProjectSection(ProjectDependencies) = postProject
		{5C7B1E0E-43A8-4D15-994D-7F413AF05C86} = {5C7B1E0E-43A8-4D15-994D-7F413AF05C86}
		{18F42ED2-61BC-4629-AFA2-8DF456B52EC8} = {18F42ED2-61BC-4629-AFA2-8DF456B52EC8}
	EndProjectSection
EndProject
Project("{FAE04EC0-301F-11D3-BF4B-00C04F79EFBC}") = "DTOLayer", "DTOLayer\DTOLayer.csproj", "{5C7B1E0E-43A8-4D15-994D-7F413AF05C86}"
	ProjectSection(ProjectDependencies) = postProject
		{18F42ED2-61BC-4629-AFA2-8DF456B52EC8} = {18F42ED2-61BC-4629-AFA2-8DF456B52EC8}
	EndProjectSection
EndProject
Project("{FAE04EC0-301F-11D3-BF4B-00C04F79EFBC}") = "DataLayerTests", "DataLayerTests\DataLayerTests.csproj", "{9C913579-34AF-4CDD-AF0E-49B609B739BE}"
EndProject
Project("{FAE04EC0-301F-11D3-BF4B-00C04F79EFBC}") = "Utils", "Utils\Utils.csproj", "{18F42ED2-61BC-4629-AFA2-8DF456B52EC8}"
EndProject
Project("{FAE04EC0-301F-11D3-BF4B-00C04F79EFBC}") = "SistemaWeb", "SistemaWeb\SistemaWeb.csproj", "{428BBBD3-ED63-4C0D-88AE-7D9396CEF945}"
	ProjectSection(ProjectDependencies) = postProject
		{2806E311-F952-42DD-BD27-545BECF96608} = {2806E311-F952-42DD-BD27-545BECF96608}
		{5D5B7F1D-EC92-4495-8FA4-F3CD305DE039} = {5D5B7F1D-EC92-4495-8FA4-F3CD305DE039}
		{C8CDCF64-9517-49B3-BF7A-C15339213703} = {C8CDCF64-9517-49B3-BF7A-C15339213703}
		{832FB566-0950-47D0-BF82-00C3F822547E} = {832FB566-0950-47D0-BF82-00C3F822547E}
		{DAB87495-F413-46C9-8266-9D93383447F5} = {DAB87495-F413-46C9-8266-9D93383447F5}
	EndProjectSection
EndProject
Project("{FAE04EC0-301F-11D3-BF4B-00C04F79EFBC}") = "BusinessLayer", "BusinessLayer\BusinessLayer.csproj", "{832FB566-0950-47D0-BF82-00C3F822547E}"
EndProject
Project("{FAE04EC0-301F-11D3-BF4B-00C04F79EFBC}") = "Identity", "Identity\Identity.csproj", "{5D5B7F1D-EC92-4495-8FA4-F3CD305DE039}"
EndProject
Project("{FAE04EC0-301F-11D3-BF4B-00C04F79EFBC}") = "BusinessLayerTests", "BusinessLayerTests\BusinessLayerTests.csproj", "{7123D978-0628-478B-839B-0C145041A257}"
EndProject
Project("{FAE04EC0-301F-11D3-BF4B-00C04F79EFBC}") = "Identity.Ioc", "Identity.Ioc\Identity.Ioc.csproj", "{DAB87495-F413-46C9-8266-9D93383447F5}"
	ProjectSection(ProjectDependencies) = postProject
		{5D5B7F1D-EC92-4495-8FA4-F3CD305DE039} = {5D5B7F1D-EC92-4495-8FA4-F3CD305DE039}
		{C8CDCF64-9517-49B3-BF7A-C15339213703} = {C8CDCF64-9517-49B3-BF7A-C15339213703}
	EndProjectSection
EndProject
Project("{FAE04EC0-301F-11D3-BF4B-00C04F79EFBC}") = "Identity.Dto", "Identity.Dto\Identity.Dto.csproj", "{2806E311-F952-42DD-BD27-545BECF96608}"
EndProject
Project("{FAE04EC0-301F-11D3-BF4B-00C04F79EFBC}") = "Identity.Data", "Identity.Data\Identity.Data.csproj", "{C8CDCF64-9517-49B3-BF7A-C15339213703}"
	ProjectSection(ProjectDependencies) = postProject
		{5D5B7F1D-EC92-4495-8FA4-F3CD305DE039} = {5D5B7F1D-EC92-4495-8FA4-F3CD305DE039}
	EndProjectSection
EndProject
Project("{FAE04EC0-301F-11D3-BF4B-00C04F79EFBC}") = "DtoLayer.Migrations", "DtoLayer.Migrations\DtoLayer.Migrations.csproj", "{D1ED32B2-A277-4A9A-AB34-510D4CC9BB0A}"
EndProject
Project("{FAE04EC0-301F-11D3-BF4B-00C04F79EFBC}") = "BusinessLayer.Ioc", "BusinessLayer.Ioc\BusinessLayer.Ioc.csproj", "{AB2D0D32-6610-4008-92B7-AF6D6CA30FD4}"
EndProject
Project("{FAE04EC0-301F-11D3-BF4B-00C04F79EFBC}") = "DataLayer.Ioc", "DataLayer.Ioc\DataLayer.Ioc.csproj", "{032ED446-CC18-4BCB-8C87-1C8517DD667D}"
EndProject
Project("{FAE04EC0-301F-11D3-BF4B-00C04F79EFBC}") = "Utils.Tests", "Utils.Tests\Utils.Tests.csproj", "{CC7C982B-8184-4687-9448-0FAEBFCBFCCF}"
EndProject
Global
	GlobalSection(SolutionConfigurationPlatforms) = preSolution
		Debug|Any CPU = Debug|Any CPU
		Debug|ARM = Debug|ARM
		Debug|x64 = Debug|x64
		Debug|x86 = Debug|x86
		Release|Any CPU = Release|Any CPU
		Release|ARM = Release|ARM
		Release|x64 = Release|x64
		Release|x86 = Release|x86
	EndGlobalSection
	GlobalSection(ProjectConfigurationPlatforms) = postSolution
		{A96B7F4C-FD72-4E7F-8EF3-7930D220526F}.Debug|Any CPU.ActiveCfg = Debug|Any CPU
		{A96B7F4C-FD72-4E7F-8EF3-7930D220526F}.Debug|Any CPU.Build.0 = Debug|Any CPU
		{A96B7F4C-FD72-4E7F-8EF3-7930D220526F}.Debug|ARM.ActiveCfg = Debug|Any CPU
		{A96B7F4C-FD72-4E7F-8EF3-7930D220526F}.Debug|ARM.Build.0 = Debug|Any CPU
		{A96B7F4C-FD72-4E7F-8EF3-7930D220526F}.Debug|x64.ActiveCfg = Debug|Any CPU
		{A96B7F4C-FD72-4E7F-8EF3-7930D220526F}.Debug|x64.Build.0 = Debug|Any CPU
		{A96B7F4C-FD72-4E7F-8EF3-7930D220526F}.Debug|x86.ActiveCfg = Debug|Any CPU
		{A96B7F4C-FD72-4E7F-8EF3-7930D220526F}.Debug|x86.Build.0 = Debug|Any CPU
		{A96B7F4C-FD72-4E7F-8EF3-7930D220526F}.Release|Any CPU.ActiveCfg = Release|Any CPU
		{A96B7F4C-FD72-4E7F-8EF3-7930D220526F}.Release|Any CPU.Build.0 = Release|Any CPU
		{A96B7F4C-FD72-4E7F-8EF3-7930D220526F}.Release|ARM.ActiveCfg = Release|Any CPU
		{A96B7F4C-FD72-4E7F-8EF3-7930D220526F}.Release|ARM.Build.0 = Release|Any CPU
		{A96B7F4C-FD72-4E7F-8EF3-7930D220526F}.Release|x64.ActiveCfg = Release|Any CPU
		{A96B7F4C-FD72-4E7F-8EF3-7930D220526F}.Release|x64.Build.0 = Release|Any CPU
		{A96B7F4C-FD72-4E7F-8EF3-7930D220526F}.Release|x86.ActiveCfg = Release|Any CPU
		{A96B7F4C-FD72-4E7F-8EF3-7930D220526F}.Release|x86.Build.0 = Release|Any CPU
		{B640BFD8-260F-4D70-80EC-4BB9045F8880}.Debug|Any CPU.ActiveCfg = Debug|Any CPU
		{B640BFD8-260F-4D70-80EC-4BB9045F8880}.Debug|Any CPU.Build.0 = Debug|Any CPU
		{B640BFD8-260F-4D70-80EC-4BB9045F8880}.Debug|Any CPU.Deploy.0 = Debug|Any CPU
		{B640BFD8-260F-4D70-80EC-4BB9045F8880}.Debug|ARM.ActiveCfg = Debug|Any CPU
		{B640BFD8-260F-4D70-80EC-4BB9045F8880}.Debug|ARM.Build.0 = Debug|Any CPU
		{B640BFD8-260F-4D70-80EC-4BB9045F8880}.Debug|x64.ActiveCfg = Debug|Any CPU
		{B640BFD8-260F-4D70-80EC-4BB9045F8880}.Debug|x64.Build.0 = Debug|Any CPU
		{B640BFD8-260F-4D70-80EC-4BB9045F8880}.Debug|x86.ActiveCfg = Debug|Any CPU
		{B640BFD8-260F-4D70-80EC-4BB9045F8880}.Debug|x86.Build.0 = Debug|Any CPU
		{B640BFD8-260F-4D70-80EC-4BB9045F8880}.Release|Any CPU.ActiveCfg = Release|Any CPU
		{B640BFD8-260F-4D70-80EC-4BB9045F8880}.Release|Any CPU.Build.0 = Release|Any CPU
		{B640BFD8-260F-4D70-80EC-4BB9045F8880}.Release|Any CPU.Deploy.0 = Release|Any CPU
		{B640BFD8-260F-4D70-80EC-4BB9045F8880}.Release|ARM.ActiveCfg = Release|Any CPU
		{B640BFD8-260F-4D70-80EC-4BB9045F8880}.Release|ARM.Build.0 = Release|Any CPU
		{B640BFD8-260F-4D70-80EC-4BB9045F8880}.Release|x64.ActiveCfg = Release|Any CPU
		{B640BFD8-260F-4D70-80EC-4BB9045F8880}.Release|x64.Build.0 = Release|Any CPU
		{B640BFD8-260F-4D70-80EC-4BB9045F8880}.Release|x86.ActiveCfg = Release|Any CPU
		{B640BFD8-260F-4D70-80EC-4BB9045F8880}.Release|x86.Build.0 = Release|Any CPU
		{5C7B1E0E-43A8-4D15-994D-7F413AF05C86}.Debug|Any CPU.ActiveCfg = Debug|Any CPU
		{5C7B1E0E-43A8-4D15-994D-7F413AF05C86}.Debug|Any CPU.Build.0 = Debug|Any CPU
		{5C7B1E0E-43A8-4D15-994D-7F413AF05C86}.Debug|ARM.ActiveCfg = Debug|Any CPU
		{5C7B1E0E-43A8-4D15-994D-7F413AF05C86}.Debug|ARM.Build.0 = Debug|Any CPU
		{5C7B1E0E-43A8-4D15-994D-7F413AF05C86}.Debug|x64.ActiveCfg = Debug|Any CPU
		{5C7B1E0E-43A8-4D15-994D-7F413AF05C86}.Debug|x64.Build.0 = Debug|Any CPU
		{5C7B1E0E-43A8-4D15-994D-7F413AF05C86}.Debug|x86.ActiveCfg = Debug|Any CPU
		{5C7B1E0E-43A8-4D15-994D-7F413AF05C86}.Debug|x86.Build.0 = Debug|Any CPU
		{5C7B1E0E-43A8-4D15-994D-7F413AF05C86}.Release|Any CPU.ActiveCfg = Release|Any CPU
		{5C7B1E0E-43A8-4D15-994D-7F413AF05C86}.Release|Any CPU.Build.0 = Release|Any CPU
		{5C7B1E0E-43A8-4D15-994D-7F413AF05C86}.Release|ARM.ActiveCfg = Release|Any CPU
		{5C7B1E0E-43A8-4D15-994D-7F413AF05C86}.Release|ARM.Build.0 = Release|Any CPU
		{5C7B1E0E-43A8-4D15-994D-7F413AF05C86}.Release|x64.ActiveCfg = Release|Any CPU
		{5C7B1E0E-43A8-4D15-994D-7F413AF05C86}.Release|x64.Build.0 = Release|Any CPU
		{5C7B1E0E-43A8-4D15-994D-7F413AF05C86}.Release|x86.ActiveCfg = Release|Any CPU
		{5C7B1E0E-43A8-4D15-994D-7F413AF05C86}.Release|x86.Build.0 = Release|Any CPU
		{9C913579-34AF-4CDD-AF0E-49B609B739BE}.Debug|Any CPU.ActiveCfg = Debug|Any CPU
		{9C913579-34AF-4CDD-AF0E-49B609B739BE}.Debug|Any CPU.Build.0 = Debug|Any CPU
		{9C913579-34AF-4CDD-AF0E-49B609B739BE}.Debug|ARM.ActiveCfg = Debug|Any CPU
		{9C913579-34AF-4CDD-AF0E-49B609B739BE}.Debug|ARM.Build.0 = Debug|Any CPU
		{9C913579-34AF-4CDD-AF0E-49B609B739BE}.Debug|x64.ActiveCfg = Debug|Any CPU
		{9C913579-34AF-4CDD-AF0E-49B609B739BE}.Debug|x64.Build.0 = Debug|Any CPU
		{9C913579-34AF-4CDD-AF0E-49B609B739BE}.Debug|x86.ActiveCfg = Debug|Any CPU
		{9C913579-34AF-4CDD-AF0E-49B609B739BE}.Debug|x86.Build.0 = Debug|Any CPU
		{9C913579-34AF-4CDD-AF0E-49B609B739BE}.Release|Any CPU.ActiveCfg = Release|Any CPU
		{9C913579-34AF-4CDD-AF0E-49B609B739BE}.Release|Any CPU.Build.0 = Release|Any CPU
		{9C913579-34AF-4CDD-AF0E-49B609B739BE}.Release|ARM.ActiveCfg = Release|Any CPU
		{9C913579-34AF-4CDD-AF0E-49B609B739BE}.Release|ARM.Build.0 = Release|Any CPU
		{9C913579-34AF-4CDD-AF0E-49B609B739BE}.Release|x64.ActiveCfg = Release|Any CPU
		{9C913579-34AF-4CDD-AF0E-49B609B739BE}.Release|x64.Build.0 = Release|Any CPU
		{9C913579-34AF-4CDD-AF0E-49B609B739BE}.Release|x86.ActiveCfg = Release|Any CPU
		{9C913579-34AF-4CDD-AF0E-49B609B739BE}.Release|x86.Build.0 = Release|Any CPU
		{18F42ED2-61BC-4629-AFA2-8DF456B52EC8}.Debug|Any CPU.ActiveCfg = Debug|Any CPU
		{18F42ED2-61BC-4629-AFA2-8DF456B52EC8}.Debug|Any CPU.Build.0 = Debug|Any CPU
		{18F42ED2-61BC-4629-AFA2-8DF456B52EC8}.Debug|ARM.ActiveCfg = Debug|Any CPU
		{18F42ED2-61BC-4629-AFA2-8DF456B52EC8}.Debug|ARM.Build.0 = Debug|Any CPU
		{18F42ED2-61BC-4629-AFA2-8DF456B52EC8}.Debug|x64.ActiveCfg = Debug|Any CPU
		{18F42ED2-61BC-4629-AFA2-8DF456B52EC8}.Debug|x64.Build.0 = Debug|Any CPU
		{18F42ED2-61BC-4629-AFA2-8DF456B52EC8}.Debug|x86.ActiveCfg = Debug|Any CPU
		{18F42ED2-61BC-4629-AFA2-8DF456B52EC8}.Debug|x86.Build.0 = Debug|Any CPU
		{18F42ED2-61BC-4629-AFA2-8DF456B52EC8}.Release|Any CPU.ActiveCfg = Release|Any CPU
		{18F42ED2-61BC-4629-AFA2-8DF456B52EC8}.Release|Any CPU.Build.0 = Release|Any CPU
		{18F42ED2-61BC-4629-AFA2-8DF456B52EC8}.Release|ARM.ActiveCfg = Release|Any CPU
		{18F42ED2-61BC-4629-AFA2-8DF456B52EC8}.Release|ARM.Build.0 = Release|Any CPU
		{18F42ED2-61BC-4629-AFA2-8DF456B52EC8}.Release|x64.ActiveCfg = Release|Any CPU
		{18F42ED2-61BC-4629-AFA2-8DF456B52EC8}.Release|x64.Build.0 = Release|Any CPU
		{18F42ED2-61BC-4629-AFA2-8DF456B52EC8}.Release|x86.ActiveCfg = Release|Any CPU
		{18F42ED2-61BC-4629-AFA2-8DF456B52EC8}.Release|x86.Build.0 = Release|Any CPU
		{428BBBD3-ED63-4C0D-88AE-7D9396CEF945}.Debug|Any CPU.ActiveCfg = Debug|Any CPU
		{428BBBD3-ED63-4C0D-88AE-7D9396CEF945}.Debug|Any CPU.Build.0 = Debug|Any CPU
		{428BBBD3-ED63-4C0D-88AE-7D9396CEF945}.Debug|ARM.ActiveCfg = Debug|Any CPU
		{428BBBD3-ED63-4C0D-88AE-7D9396CEF945}.Debug|ARM.Build.0 = Debug|Any CPU
		{428BBBD3-ED63-4C0D-88AE-7D9396CEF945}.Debug|x64.ActiveCfg = Debug|Any CPU
		{428BBBD3-ED63-4C0D-88AE-7D9396CEF945}.Debug|x64.Build.0 = Debug|Any CPU
		{428BBBD3-ED63-4C0D-88AE-7D9396CEF945}.Debug|x86.ActiveCfg = Debug|Any CPU
		{428BBBD3-ED63-4C0D-88AE-7D9396CEF945}.Debug|x86.Build.0 = Debug|Any CPU
		{428BBBD3-ED63-4C0D-88AE-7D9396CEF945}.Release|Any CPU.ActiveCfg = Release|Any CPU
		{428BBBD3-ED63-4C0D-88AE-7D9396CEF945}.Release|Any CPU.Build.0 = Release|Any CPU
		{428BBBD3-ED63-4C0D-88AE-7D9396CEF945}.Release|ARM.ActiveCfg = Release|Any CPU
		{428BBBD3-ED63-4C0D-88AE-7D9396CEF945}.Release|ARM.Build.0 = Release|Any CPU
		{428BBBD3-ED63-4C0D-88AE-7D9396CEF945}.Release|x64.ActiveCfg = Release|Any CPU
		{428BBBD3-ED63-4C0D-88AE-7D9396CEF945}.Release|x64.Build.0 = Release|Any CPU
		{428BBBD3-ED63-4C0D-88AE-7D9396CEF945}.Release|x86.ActiveCfg = Release|Any CPU
		{428BBBD3-ED63-4C0D-88AE-7D9396CEF945}.Release|x86.Build.0 = Release|Any CPU
		{832FB566-0950-47D0-BF82-00C3F822547E}.Debug|Any CPU.ActiveCfg = Debug|Any CPU
		{832FB566-0950-47D0-BF82-00C3F822547E}.Debug|Any CPU.Build.0 = Debug|Any CPU
		{832FB566-0950-47D0-BF82-00C3F822547E}.Debug|ARM.ActiveCfg = Debug|Any CPU
		{832FB566-0950-47D0-BF82-00C3F822547E}.Debug|ARM.Build.0 = Debug|Any CPU
		{832FB566-0950-47D0-BF82-00C3F822547E}.Debug|x64.ActiveCfg = Debug|Any CPU
		{832FB566-0950-47D0-BF82-00C3F822547E}.Debug|x64.Build.0 = Debug|Any CPU
		{832FB566-0950-47D0-BF82-00C3F822547E}.Debug|x86.ActiveCfg = Debug|Any CPU
		{832FB566-0950-47D0-BF82-00C3F822547E}.Debug|x86.Build.0 = Debug|Any CPU
		{832FB566-0950-47D0-BF82-00C3F822547E}.Release|Any CPU.ActiveCfg = Release|Any CPU
		{832FB566-0950-47D0-BF82-00C3F822547E}.Release|Any CPU.Build.0 = Release|Any CPU
		{832FB566-0950-47D0-BF82-00C3F822547E}.Release|ARM.ActiveCfg = Release|Any CPU
		{832FB566-0950-47D0-BF82-00C3F822547E}.Release|ARM.Build.0 = Release|Any CPU
		{832FB566-0950-47D0-BF82-00C3F822547E}.Release|x64.ActiveCfg = Release|Any CPU
		{832FB566-0950-47D0-BF82-00C3F822547E}.Release|x64.Build.0 = Release|Any CPU
		{832FB566-0950-47D0-BF82-00C3F822547E}.Release|x86.ActiveCfg = Release|Any CPU
		{832FB566-0950-47D0-BF82-00C3F822547E}.Release|x86.Build.0 = Release|Any CPU
		{5D5B7F1D-EC92-4495-8FA4-F3CD305DE039}.Debug|Any CPU.ActiveCfg = Debug|Any CPU
		{5D5B7F1D-EC92-4495-8FA4-F3CD305DE039}.Debug|Any CPU.Build.0 = Debug|Any CPU
		{5D5B7F1D-EC92-4495-8FA4-F3CD305DE039}.Debug|ARM.ActiveCfg = Debug|Any CPU
		{5D5B7F1D-EC92-4495-8FA4-F3CD305DE039}.Debug|ARM.Build.0 = Debug|Any CPU
		{5D5B7F1D-EC92-4495-8FA4-F3CD305DE039}.Debug|x64.ActiveCfg = Debug|Any CPU
		{5D5B7F1D-EC92-4495-8FA4-F3CD305DE039}.Debug|x64.Build.0 = Debug|Any CPU
		{5D5B7F1D-EC92-4495-8FA4-F3CD305DE039}.Debug|x86.ActiveCfg = Debug|Any CPU
		{5D5B7F1D-EC92-4495-8FA4-F3CD305DE039}.Debug|x86.Build.0 = Debug|Any CPU
		{5D5B7F1D-EC92-4495-8FA4-F3CD305DE039}.Release|Any CPU.ActiveCfg = Release|Any CPU
		{5D5B7F1D-EC92-4495-8FA4-F3CD305DE039}.Release|Any CPU.Build.0 = Release|Any CPU
		{5D5B7F1D-EC92-4495-8FA4-F3CD305DE039}.Release|ARM.ActiveCfg = Release|Any CPU
		{5D5B7F1D-EC92-4495-8FA4-F3CD305DE039}.Release|ARM.Build.0 = Release|Any CPU
		{5D5B7F1D-EC92-4495-8FA4-F3CD305DE039}.Release|x64.ActiveCfg = Release|Any CPU
		{5D5B7F1D-EC92-4495-8FA4-F3CD305DE039}.Release|x64.Build.0 = Release|Any CPU
		{5D5B7F1D-EC92-4495-8FA4-F3CD305DE039}.Release|x86.ActiveCfg = Release|Any CPU
		{5D5B7F1D-EC92-4495-8FA4-F3CD305DE039}.Release|x86.Build.0 = Release|Any CPU
		{7123D978-0628-478B-839B-0C145041A257}.Debug|Any CPU.ActiveCfg = Debug|Any CPU
		{7123D978-0628-478B-839B-0C145041A257}.Debug|Any CPU.Build.0 = Debug|Any CPU
		{7123D978-0628-478B-839B-0C145041A257}.Debug|ARM.ActiveCfg = Debug|Any CPU
		{7123D978-0628-478B-839B-0C145041A257}.Debug|ARM.Build.0 = Debug|Any CPU
		{7123D978-0628-478B-839B-0C145041A257}.Debug|x64.ActiveCfg = Debug|Any CPU
		{7123D978-0628-478B-839B-0C145041A257}.Debug|x64.Build.0 = Debug|Any CPU
		{7123D978-0628-478B-839B-0C145041A257}.Debug|x86.ActiveCfg = Debug|Any CPU
		{7123D978-0628-478B-839B-0C145041A257}.Debug|x86.Build.0 = Debug|Any CPU
		{7123D978-0628-478B-839B-0C145041A257}.Release|Any CPU.ActiveCfg = Release|Any CPU
		{7123D978-0628-478B-839B-0C145041A257}.Release|Any CPU.Build.0 = Release|Any CPU
		{7123D978-0628-478B-839B-0C145041A257}.Release|ARM.ActiveCfg = Release|Any CPU
		{7123D978-0628-478B-839B-0C145041A257}.Release|ARM.Build.0 = Release|Any CPU
		{7123D978-0628-478B-839B-0C145041A257}.Release|x64.ActiveCfg = Release|Any CPU
		{7123D978-0628-478B-839B-0C145041A257}.Release|x64.Build.0 = Release|Any CPU
		{7123D978-0628-478B-839B-0C145041A257}.Release|x86.ActiveCfg = Release|Any CPU
		{7123D978-0628-478B-839B-0C145041A257}.Release|x86.Build.0 = Release|Any CPU
		{DAB87495-F413-46C9-8266-9D93383447F5}.Debug|Any CPU.ActiveCfg = Debug|Any CPU
		{DAB87495-F413-46C9-8266-9D93383447F5}.Debug|Any CPU.Build.0 = Debug|Any CPU
		{DAB87495-F413-46C9-8266-9D93383447F5}.Debug|ARM.ActiveCfg = Debug|Any CPU
		{DAB87495-F413-46C9-8266-9D93383447F5}.Debug|ARM.Build.0 = Debug|Any CPU
		{DAB87495-F413-46C9-8266-9D93383447F5}.Debug|x64.ActiveCfg = Debug|Any CPU
		{DAB87495-F413-46C9-8266-9D93383447F5}.Debug|x64.Build.0 = Debug|Any CPU
		{DAB87495-F413-46C9-8266-9D93383447F5}.Debug|x86.ActiveCfg = Debug|Any CPU
		{DAB87495-F413-46C9-8266-9D93383447F5}.Debug|x86.Build.0 = Debug|Any CPU
		{DAB87495-F413-46C9-8266-9D93383447F5}.Release|Any CPU.ActiveCfg = Release|Any CPU
		{DAB87495-F413-46C9-8266-9D93383447F5}.Release|Any CPU.Build.0 = Release|Any CPU
		{DAB87495-F413-46C9-8266-9D93383447F5}.Release|ARM.ActiveCfg = Release|Any CPU
		{DAB87495-F413-46C9-8266-9D93383447F5}.Release|ARM.Build.0 = Release|Any CPU
		{DAB87495-F413-46C9-8266-9D93383447F5}.Release|x64.ActiveCfg = Release|Any CPU
		{DAB87495-F413-46C9-8266-9D93383447F5}.Release|x64.Build.0 = Release|Any CPU
		{DAB87495-F413-46C9-8266-9D93383447F5}.Release|x86.ActiveCfg = Release|Any CPU
		{DAB87495-F413-46C9-8266-9D93383447F5}.Release|x86.Build.0 = Release|Any CPU
		{2806E311-F952-42DD-BD27-545BECF96608}.Debug|Any CPU.ActiveCfg = Debug|Any CPU
		{2806E311-F952-42DD-BD27-545BECF96608}.Debug|Any CPU.Build.0 = Debug|Any CPU
		{2806E311-F952-42DD-BD27-545BECF96608}.Debug|ARM.ActiveCfg = Debug|Any CPU
		{2806E311-F952-42DD-BD27-545BECF96608}.Debug|ARM.Build.0 = Debug|Any CPU
		{2806E311-F952-42DD-BD27-545BECF96608}.Debug|x64.ActiveCfg = Debug|Any CPU
		{2806E311-F952-42DD-BD27-545BECF96608}.Debug|x64.Build.0 = Debug|Any CPU
		{2806E311-F952-42DD-BD27-545BECF96608}.Debug|x86.ActiveCfg = Debug|Any CPU
		{2806E311-F952-42DD-BD27-545BECF96608}.Debug|x86.Build.0 = Debug|Any CPU
		{2806E311-F952-42DD-BD27-545BECF96608}.Release|Any CPU.ActiveCfg = Release|Any CPU
		{2806E311-F952-42DD-BD27-545BECF96608}.Release|Any CPU.Build.0 = Release|Any CPU
		{2806E311-F952-42DD-BD27-545BECF96608}.Release|ARM.ActiveCfg = Release|Any CPU
		{2806E311-F952-42DD-BD27-545BECF96608}.Release|ARM.Build.0 = Release|Any CPU
		{2806E311-F952-42DD-BD27-545BECF96608}.Release|x64.ActiveCfg = Release|Any CPU
		{2806E311-F952-42DD-BD27-545BECF96608}.Release|x64.Build.0 = Release|Any CPU
		{2806E311-F952-42DD-BD27-545BECF96608}.Release|x86.ActiveCfg = Release|Any CPU
		{2806E311-F952-42DD-BD27-545BECF96608}.Release|x86.Build.0 = Release|Any CPU
		{C8CDCF64-9517-49B3-BF7A-C15339213703}.Debug|Any CPU.ActiveCfg = Debug|Any CPU
		{C8CDCF64-9517-49B3-BF7A-C15339213703}.Debug|Any CPU.Build.0 = Debug|Any CPU
		{C8CDCF64-9517-49B3-BF7A-C15339213703}.Debug|ARM.ActiveCfg = Debug|Any CPU
		{C8CDCF64-9517-49B3-BF7A-C15339213703}.Debug|ARM.Build.0 = Debug|Any CPU
		{C8CDCF64-9517-49B3-BF7A-C15339213703}.Debug|x64.ActiveCfg = Debug|Any CPU
		{C8CDCF64-9517-49B3-BF7A-C15339213703}.Debug|x64.Build.0 = Debug|Any CPU
		{C8CDCF64-9517-49B3-BF7A-C15339213703}.Debug|x86.ActiveCfg = Debug|Any CPU
		{C8CDCF64-9517-49B3-BF7A-C15339213703}.Debug|x86.Build.0 = Debug|Any CPU
		{C8CDCF64-9517-49B3-BF7A-C15339213703}.Release|Any CPU.ActiveCfg = Release|Any CPU
		{C8CDCF64-9517-49B3-BF7A-C15339213703}.Release|Any CPU.Build.0 = Release|Any CPU
		{C8CDCF64-9517-49B3-BF7A-C15339213703}.Release|ARM.ActiveCfg = Release|Any CPU
		{C8CDCF64-9517-49B3-BF7A-C15339213703}.Release|ARM.Build.0 = Release|Any CPU
		{C8CDCF64-9517-49B3-BF7A-C15339213703}.Release|x64.ActiveCfg = Release|Any CPU
		{C8CDCF64-9517-49B3-BF7A-C15339213703}.Release|x64.Build.0 = Release|Any CPU
		{C8CDCF64-9517-49B3-BF7A-C15339213703}.Release|x86.ActiveCfg = Release|Any CPU
		{C8CDCF64-9517-49B3-BF7A-C15339213703}.Release|x86.Build.0 = Release|Any CPU
		{D1ED32B2-A277-4A9A-AB34-510D4CC9BB0A}.Debug|Any CPU.ActiveCfg = Debug|Any CPU
		{D1ED32B2-A277-4A9A-AB34-510D4CC9BB0A}.Debug|Any CPU.Build.0 = Debug|Any CPU
		{D1ED32B2-A277-4A9A-AB34-510D4CC9BB0A}.Debug|ARM.ActiveCfg = Debug|Any CPU
		{D1ED32B2-A277-4A9A-AB34-510D4CC9BB0A}.Debug|ARM.Build.0 = Debug|Any CPU
		{D1ED32B2-A277-4A9A-AB34-510D4CC9BB0A}.Debug|x64.ActiveCfg = Debug|Any CPU
		{D1ED32B2-A277-4A9A-AB34-510D4CC9BB0A}.Debug|x64.Build.0 = Debug|Any CPU
		{D1ED32B2-A277-4A9A-AB34-510D4CC9BB0A}.Debug|x86.ActiveCfg = Debug|Any CPU
		{D1ED32B2-A277-4A9A-AB34-510D4CC9BB0A}.Debug|x86.Build.0 = Debug|Any CPU
		{D1ED32B2-A277-4A9A-AB34-510D4CC9BB0A}.Release|Any CPU.ActiveCfg = Release|Any CPU
		{D1ED32B2-A277-4A9A-AB34-510D4CC9BB0A}.Release|Any CPU.Build.0 = Release|Any CPU
		{D1ED32B2-A277-4A9A-AB34-510D4CC9BB0A}.Release|ARM.ActiveCfg = Release|Any CPU
		{D1ED32B2-A277-4A9A-AB34-510D4CC9BB0A}.Release|ARM.Build.0 = Release|Any CPU
		{D1ED32B2-A277-4A9A-AB34-510D4CC9BB0A}.Release|x64.ActiveCfg = Release|Any CPU
		{D1ED32B2-A277-4A9A-AB34-510D4CC9BB0A}.Release|x64.Build.0 = Release|Any CPU
		{D1ED32B2-A277-4A9A-AB34-510D4CC9BB0A}.Release|x86.ActiveCfg = Release|Any CPU
		{D1ED32B2-A277-4A9A-AB34-510D4CC9BB0A}.Release|x86.Build.0 = Release|Any CPU
		{AB2D0D32-6610-4008-92B7-AF6D6CA30FD4}.Debug|Any CPU.ActiveCfg = Debug|Any CPU
		{AB2D0D32-6610-4008-92B7-AF6D6CA30FD4}.Debug|Any CPU.Build.0 = Debug|Any CPU
		{AB2D0D32-6610-4008-92B7-AF6D6CA30FD4}.Debug|ARM.ActiveCfg = Debug|Any CPU
		{AB2D0D32-6610-4008-92B7-AF6D6CA30FD4}.Debug|ARM.Build.0 = Debug|Any CPU
		{AB2D0D32-6610-4008-92B7-AF6D6CA30FD4}.Debug|x64.ActiveCfg = Debug|Any CPU
		{AB2D0D32-6610-4008-92B7-AF6D6CA30FD4}.Debug|x64.Build.0 = Debug|Any CPU
		{AB2D0D32-6610-4008-92B7-AF6D6CA30FD4}.Debug|x86.ActiveCfg = Debug|Any CPU
		{AB2D0D32-6610-4008-92B7-AF6D6CA30FD4}.Debug|x86.Build.0 = Debug|Any CPU
		{AB2D0D32-6610-4008-92B7-AF6D6CA30FD4}.Release|Any CPU.ActiveCfg = Release|Any CPU
		{AB2D0D32-6610-4008-92B7-AF6D6CA30FD4}.Release|Any CPU.Build.0 = Release|Any CPU
		{AB2D0D32-6610-4008-92B7-AF6D6CA30FD4}.Release|ARM.ActiveCfg = Release|Any CPU
		{AB2D0D32-6610-4008-92B7-AF6D6CA30FD4}.Release|ARM.Build.0 = Release|Any CPU
		{AB2D0D32-6610-4008-92B7-AF6D6CA30FD4}.Release|x64.ActiveCfg = Release|Any CPU
		{AB2D0D32-6610-4008-92B7-AF6D6CA30FD4}.Release|x64.Build.0 = Release|Any CPU
		{AB2D0D32-6610-4008-92B7-AF6D6CA30FD4}.Release|x86.ActiveCfg = Release|Any CPU
		{AB2D0D32-6610-4008-92B7-AF6D6CA30FD4}.Release|x86.Build.0 = Release|Any CPU
		{032ED446-CC18-4BCB-8C87-1C8517DD667D}.Debug|Any CPU.ActiveCfg = Debug|Any CPU
		{032ED446-CC18-4BCB-8C87-1C8517DD667D}.Debug|Any CPU.Build.0 = Debug|Any CPU
		{032ED446-CC18-4BCB-8C87-1C8517DD667D}.Debug|ARM.ActiveCfg = Debug|Any CPU
		{032ED446-CC18-4BCB-8C87-1C8517DD667D}.Debug|ARM.Build.0 = Debug|Any CPU
		{032ED446-CC18-4BCB-8C87-1C8517DD667D}.Debug|x64.ActiveCfg = Debug|Any CPU
		{032ED446-CC18-4BCB-8C87-1C8517DD667D}.Debug|x64.Build.0 = Debug|Any CPU
		{032ED446-CC18-4BCB-8C87-1C8517DD667D}.Debug|x86.ActiveCfg = Debug|Any CPU
		{032ED446-CC18-4BCB-8C87-1C8517DD667D}.Debug|x86.Build.0 = Debug|Any CPU
		{032ED446-CC18-4BCB-8C87-1C8517DD667D}.Release|Any CPU.ActiveCfg = Release|Any CPU
		{032ED446-CC18-4BCB-8C87-1C8517DD667D}.Release|Any CPU.Build.0 = Release|Any CPU
		{032ED446-CC18-4BCB-8C87-1C8517DD667D}.Release|ARM.ActiveCfg = Release|Any CPU
		{032ED446-CC18-4BCB-8C87-1C8517DD667D}.Release|ARM.Build.0 = Release|Any CPU
		{032ED446-CC18-4BCB-8C87-1C8517DD667D}.Release|x64.ActiveCfg = Release|Any CPU
		{032ED446-CC18-4BCB-8C87-1C8517DD667D}.Release|x64.Build.0 = Release|Any CPU
		{032ED446-CC18-4BCB-8C87-1C8517DD667D}.Release|x86.ActiveCfg = Release|Any CPU
		{032ED446-CC18-4BCB-8C87-1C8517DD667D}.Release|x86.Build.0 = Release|Any CPU
		{CC7C982B-8184-4687-9448-0FAEBFCBFCCF}.Debug|Any CPU.ActiveCfg = Debug|Any CPU
		{CC7C982B-8184-4687-9448-0FAEBFCBFCCF}.Debug|Any CPU.Build.0 = Debug|Any CPU
		{CC7C982B-8184-4687-9448-0FAEBFCBFCCF}.Debug|ARM.ActiveCfg = Debug|Any CPU
		{CC7C982B-8184-4687-9448-0FAEBFCBFCCF}.Debug|ARM.Build.0 = Debug|Any CPU
		{CC7C982B-8184-4687-9448-0FAEBFCBFCCF}.Debug|x64.ActiveCfg = Debug|Any CPU
		{CC7C982B-8184-4687-9448-0FAEBFCBFCCF}.Debug|x64.Build.0 = Debug|Any CPU
		{CC7C982B-8184-4687-9448-0FAEBFCBFCCF}.Debug|x86.ActiveCfg = Debug|Any CPU
		{CC7C982B-8184-4687-9448-0FAEBFCBFCCF}.Debug|x86.Build.0 = Debug|Any CPU
		{CC7C982B-8184-4687-9448-0FAEBFCBFCCF}.Release|Any CPU.ActiveCfg = Release|Any CPU
		{CC7C982B-8184-4687-9448-0FAEBFCBFCCF}.Release|Any CPU.Build.0 = Release|Any CPU
		{CC7C982B-8184-4687-9448-0FAEBFCBFCCF}.Release|ARM.ActiveCfg = Release|Any CPU
		{CC7C982B-8184-4687-9448-0FAEBFCBFCCF}.Release|ARM.Build.0 = Release|Any CPU
		{CC7C982B-8184-4687-9448-0FAEBFCBFCCF}.Release|x64.ActiveCfg = Release|Any CPU
		{CC7C982B-8184-4687-9448-0FAEBFCBFCCF}.Release|x64.Build.0 = Release|Any CPU
		{CC7C982B-8184-4687-9448-0FAEBFCBFCCF}.Release|x86.ActiveCfg = Release|Any CPU
		{CC7C982B-8184-4687-9448-0FAEBFCBFCCF}.Release|x86.Build.0 = Release|Any CPU
	EndGlobalSection
	GlobalSection(SolutionProperties) = preSolution
		HideSolutionNode = FALSE
	EndGlobalSection
	GlobalSection(TeamFoundationVersionControl) = preSolution
		SccNumberOfProjects = 17
		SccEnterpriseProvider = {4CA58AB2-18FA-4F8D-95D4-32DDF27D184C}
		SccTeamFoundationServer = https://lirazoqui.visualstudio.com/defaultcollection
		SccLocalPath0 = .
		SccProjectUniqueName1 = ExtratorDeDados\\ExtratorDeDados.csproj
		SccProjectName1 = ExtratorDeDados
		SccLocalPath1 = ExtratorDeDados
		SccProjectUniqueName2 = DataLayer\\DataLayer.csproj
		SccProjectName2 = DataLayer
		SccLocalPath2 = DataLayer
		SccProjectUniqueName3 = DTOLayer\\DTOLayer.csproj
		SccProjectName3 = DTOLayer
		SccLocalPath3 = DTOLayer
		SccProjectUniqueName4 = DataLayerTests\\DataLayerTests.csproj
		SccProjectName4 = DataLayerTests
		SccLocalPath4 = DataLayerTests
		SccProjectUniqueName5 = Utils\\Utils.csproj
		SccProjectName5 = Utils
		SccLocalPath5 = Utils
		SccProjectUniqueName6 = SistemaWeb\\SistemaWeb.csproj
		SccProjectName6 = SistemaWeb
		SccLocalPath6 = SistemaWeb
		SccProjectUniqueName7 = BusinessLayer\\BusinessLayer.csproj
		SccProjectName7 = BusinessLayer
		SccLocalPath7 = BusinessLayer
		SccProjectUniqueName8 = Identity\\Identity.csproj
		SccProjectName8 = Identity
		SccLocalPath8 = Identity
		SccProjectUniqueName9 = BusinessLayerTests\\BusinessLayerTests.csproj
		SccProjectName9 = BusinessLayerTests
		SccLocalPath9 = BusinessLayerTests
		SccProjectUniqueName10 = Identity.Ioc\\Identity.Ioc.csproj
		SccProjectName10 = Identity.Ioc
		SccLocalPath10 = Identity.Ioc
		SccProjectUniqueName11 = Identity.Dto\\Identity.Dto.csproj
		SccProjectName11 = Identity.Dto
		SccLocalPath11 = Identity.Dto
		SccProjectUniqueName12 = Identity.Data\\Identity.Data.csproj
		SccProjectName12 = Identity.Data
		SccLocalPath12 = Identity.Data
		SccProjectUniqueName13 = DtoLayer.Migrations\\DtoLayer.Migrations.csproj
		SccProjectName13 = DtoLayer.Migrations
		SccLocalPath13 = DtoLayer.Migrations
		SccProjectUniqueName14 = BusinessLayer.Ioc\\BusinessLayer.Ioc.csproj
		SccProjectName14 = BusinessLayer.Ioc
		SccLocalPath14 = BusinessLayer.Ioc
		SccProjectUniqueName15 = DataLayer.Ioc\\DataLayer.Ioc.csproj
		SccProjectName15 = DataLayer.Ioc
		SccLocalPath15 = DataLayer.Ioc
		SccProjectUniqueName16 = Utils.Tests\\Utils.Tests.csproj
		SccProjectName16 = Utils.Tests
		SccLocalPath16 = Utils.Tests
	EndGlobalSection
EndGlobal
